
Microsoft Visual Studio Solution File, Format Version 12.00
# Visual Studio Version 17
VisualStudioVersion = 17.12.35527.113
MinimumVisualStudioVersion = 10.0.40219.1
Project("{FAE04EC0-301F-11D3-BF4B-00C04F79EFBC}") = "01.SumOfIntegers", "01.SumOfIntegers\01.SumOfIntegers.csproj", "{FA5FAB6E-AC05-472A-866E-8A0473513B2F}"
EndProject
Project("{FAE04EC0-301F-11D3-BF4B-00C04F79EFBC}") = "02.PlayCatch", "02.PlayCatch\02.PlayCatch.csproj", "{1F958990-BAAF-474F-9394-11C9531D95E7}"
EndProject
Project("{FAE04EC0-301F-11D3-BF4B-00C04F79EFBC}") = "03.MoneyTransactions", "03.MoneyTransactions\03.MoneyTransactions.csproj", "{2475C214-8B6F-4A84-8476-7D1692AACD75}"
EndProject
Global
	GlobalSection(SolutionConfigurationPlatforms) = preSolution
		Debug|Any CPU = Debug|Any CPU
		Release|Any CPU = Release|Any CPU
	EndGlobalSection
	GlobalSection(ProjectConfigurationPlatforms) = postSolution
		{FA5FAB6E-AC05-472A-866E-8A0473513B2F}.Debug|Any CPU.ActiveCfg = Debug|Any CPU
		{FA5FAB6E-AC05-472A-866E-8A0473513B2F}.Debug|Any CPU.Build.0 = Debug|Any CPU
		{FA5FAB6E-AC05-472A-866E-8A0473513B2F}.Release|Any CPU.ActiveCfg = Release|Any CPU
		{FA5FAB6E-AC05-472A-866E-8A0473513B2F}.Release|Any CPU.Build.0 = Release|Any CPU
		{1F958990-BAAF-474F-9394-11C9531D95E7}.Debug|Any CPU.ActiveCfg = Debug|Any CPU
		{1F958990-BAAF-474F-9394-11C9531D95E7}.Debug|Any CPU.Build.0 = Debug|Any CPU
		{1F958990-BAAF-474F-9394-11C9531D95E7}.Release|Any CPU.ActiveCfg = Release|Any CPU
		{1F958990-BAAF-474F-9394-11C9531D95E7}.Release|Any CPU.Build.0 = Release|Any CPU
		{2475C214-8B6F-4A84-8476-7D1692AACD75}.Debug|Any CPU.ActiveCfg = Debug|Any CPU
		{2475C214-8B6F-4A84-8476-7D1692AACD75}.Debug|Any CPU.Build.0 = Debug|Any CPU
		{2475C214-8B6F-4A84-8476-7D1692AACD75}.Release|Any CPU.ActiveCfg = Release|Any CPU
		{2475C214-8B6F-4A84-8476-7D1692AACD75}.Release|Any CPU.Build.0 = Release|Any CPU
	EndGlobalSection
	GlobalSection(SolutionProperties) = preSolution
		HideSolutionNode = FALSE
	EndGlobalSection
EndGlobal
